// !$*UTF8*$!
{
	archiveVersion = 1;
	classes = {
	};
	objectVersion = 46;
	objects = {

/* Begin PBXBuildFile section */
		22D327882A755C4B2D98C83C /* libPods-RosettaStoneKitOSXTests.a in Frameworks */ = {isa = PBXBuildFile; fileRef = E6F243BEA45C9B42B7929FE2 /* libPods-RosettaStoneKitOSXTests.a */; };
		37297AC81A68B16A0082F082 /* NSDictionary+RosettaStoneExtensions.m in Sources */ = {isa = PBXBuildFile; fileRef = 37297AC71A68B16A0082F082 /* NSDictionary+RosettaStoneExtensions.m */; };
		37297ACA1A68D53A0082F082 /* NSDictionaryExtensionsSpec.m in Sources */ = {isa = PBXBuildFile; fileRef = 37297AC91A68D53A0082F082 /* NSDictionaryExtensionsSpec.m */; };
		3762FA241AABB7AA00103947 /* Game.m in Sources */ = {isa = PBXBuildFile; fileRef = 3762FA231AABB7AA00103947 /* Game.m */; };
		3762FA271AABB7DD00103947 /* TestModel.m in Sources */ = {isa = PBXBuildFile; fileRef = 3762FA261AABB7DD00103947 /* TestModel.m */; };
		3762FA2A1AABB80A00103947 /* TestUser.m in Sources */ = {isa = PBXBuildFile; fileRef = 3762FA291AABB80A00103947 /* TestUser.m */; };
		378177D11A686C6500B7E87E /* RosettaStoneKit.h in Headers */ = {isa = PBXBuildFile; fileRef = 378177D01A686C6500B7E87E /* RosettaStoneKit.h */; settings = {ATTRIBUTES = (Public, ); }; };
		378177D71A686C6500B7E87E /* RosettaStoneKit.framework in Frameworks */ = {isa = PBXBuildFile; fileRef = 378177CB1A686C6500B7E87E /* RosettaStoneKit.framework */; };
		378177EC1A686CA300B7E87E /* PropertyTranslator.h in Headers */ = {isa = PBXBuildFile; fileRef = 378177E71A686CA300B7E87E /* PropertyTranslator.h */; settings = {ATTRIBUTES = (Public, ); }; };
		378177ED1A686CA300B7E87E /* PropertyTranslator.m in Sources */ = {isa = PBXBuildFile; fileRef = 378177E81A686CA300B7E87E /* PropertyTranslator.m */; };
		378177EE1A686CA300B7E87E /* NSDictionary+RosettaStoneExtensions.h in Headers */ = {isa = PBXBuildFile; fileRef = 378177E91A686CA300B7E87E /* NSDictionary+RosettaStoneExtensions.h */; settings = {ATTRIBUTES = (Private, ); }; };
		378177F21A68A11800B7E87E /* RosettaStoneSpec.m in Sources */ = {isa = PBXBuildFile; fileRef = 378177F11A68A11800B7E87E /* RosettaStoneSpec.m */; };
		37C8E3FF1A7336C000A65E87 /* RosettaStoneKitOSX.h in Headers */ = {isa = PBXBuildFile; fileRef = 37C8E3FE1A7336C000A65E87 /* RosettaStoneKitOSX.h */; settings = {ATTRIBUTES = (Public, ); }; };
		37C8E4051A7336C000A65E87 /* RosettaStoneKitOSX.framework in Frameworks */ = {isa = PBXBuildFile; fileRef = 37C8E3FA1A7336C000A65E87 /* RosettaStoneKitOSX.framework */; };
		37C8E40C1A7336C000A65E87 /* RosettaStoneKitOSXTests.m in Sources */ = {isa = PBXBuildFile; fileRef = 37C8E40B1A7336C000A65E87 /* RosettaStoneKitOSXTests.m */; };
		37C8E4161A73382000A65E87 /* RosettaStone.h in Headers */ = {isa = PBXBuildFile; fileRef = 37C8E4141A73382000A65E87 /* RosettaStone.h */; settings = {ATTRIBUTES = (Public, ); }; };
		37C8E4171A73382000A65E87 /* RosettaStone.m in Sources */ = {isa = PBXBuildFile; fileRef = 37C8E4151A73382000A65E87 /* RosettaStone.m */; };
		37C8E4181A7338B300A65E87 /* RosettaStone.m in Sources */ = {isa = PBXBuildFile; fileRef = 37C8E4151A73382000A65E87 /* RosettaStone.m */; };
		37C8E4191A7338B300A65E87 /* PropertyTranslator.m in Sources */ = {isa = PBXBuildFile; fileRef = 378177E81A686CA300B7E87E /* PropertyTranslator.m */; };
		37C8E41A1A7338B300A65E87 /* NSDictionary+RosettaStoneExtensions.m in Sources */ = {isa = PBXBuildFile; fileRef = 37297AC71A68B16A0082F082 /* NSDictionary+RosettaStoneExtensions.m */; };
		37C8E41B1A7338DB00A65E87 /* RosettaStone.h in Headers */ = {isa = PBXBuildFile; fileRef = 37C8E4141A73382000A65E87 /* RosettaStone.h */; settings = {ATTRIBUTES = (Public, ); }; };
		37C8E41C1A7338DB00A65E87 /* PropertyTranslator.h in Headers */ = {isa = PBXBuildFile; fileRef = 378177E71A686CA300B7E87E /* PropertyTranslator.h */; settings = {ATTRIBUTES = (Public, ); }; };
		37C8E41D1A7338DB00A65E87 /* NSDictionary+RosettaStoneExtensions.h in Headers */ = {isa = PBXBuildFile; fileRef = 378177E91A686CA300B7E87E /* NSDictionary+RosettaStoneExtensions.h */; settings = {ATTRIBUTES = (Private, ); }; };
		D94BB3FB00DAC78AA5924017 /* libPods-RosettaStoneKitTests.a in Frameworks */ = {isa = PBXBuildFile; fileRef = CE60AB60BCE7DEC858664EEC /* libPods-RosettaStoneKitTests.a */; };
/* End PBXBuildFile section */

/* Begin PBXContainerItemProxy section */
		378177D81A686C6500B7E87E /* PBXContainerItemProxy */ = {
			isa = PBXContainerItemProxy;
			containerPortal = 378177C21A686C6500B7E87E /* Project object */;
			proxyType = 1;
			remoteGlobalIDString = 378177CA1A686C6500B7E87E;
			remoteInfo = RosettaStoneKit;
		};
		37C8E4061A7336C000A65E87 /* PBXContainerItemProxy */ = {
			isa = PBXContainerItemProxy;
			containerPortal = 378177C21A686C6500B7E87E /* Project object */;
			proxyType = 1;
			remoteGlobalIDString = 37C8E3F91A7336C000A65E87;
			remoteInfo = RosettaStoneKitOSX;
		};
/* End PBXContainerItemProxy section */

/* Begin PBXFileReference section */
		217896356A380E151D44B517 /* Pods-RosettaStoneKitTests.debug.xcconfig */ = {isa = PBXFileReference; includeInIndex = 1; lastKnownFileType = text.xcconfig; name = "Pods-RosettaStoneKitTests.debug.xcconfig"; path = "Pods/Target Support Files/Pods-RosettaStoneKitTests/Pods-RosettaStoneKitTests.debug.xcconfig"; sourceTree = "<group>"; };
		22DD8E390ED19595104FC4B1 /* Pods-RosettaStoneKitOSXTests.debug.xcconfig */ = {isa = PBXFileReference; includeInIndex = 1; lastKnownFileType = text.xcconfig; name = "Pods-RosettaStoneKitOSXTests.debug.xcconfig"; path = "Pods/Target Support Files/Pods-RosettaStoneKitOSXTests/Pods-RosettaStoneKitOSXTests.debug.xcconfig"; sourceTree = "<group>"; };
		37297AC71A68B16A0082F082 /* NSDictionary+RosettaStoneExtensions.m */ = {isa = PBXFileReference; fileEncoding = 4; lastKnownFileType = sourcecode.c.objc; path = "NSDictionary+RosettaStoneExtensions.m"; sourceTree = "<group>"; };
		37297AC91A68D53A0082F082 /* NSDictionaryExtensionsSpec.m */ = {isa = PBXFileReference; fileEncoding = 4; lastKnownFileType = sourcecode.c.objc; path = NSDictionaryExtensionsSpec.m; sourceTree = "<group>"; };
		3762FA221AABB7AA00103947 /* Game.h */ = {isa = PBXFileReference; fileEncoding = 4; lastKnownFileType = sourcecode.c.h; path = Game.h; sourceTree = "<group>"; };
		3762FA231AABB7AA00103947 /* Game.m */ = {isa = PBXFileReference; fileEncoding = 4; lastKnownFileType = sourcecode.c.objc; path = Game.m; sourceTree = "<group>"; };
		3762FA251AABB7DD00103947 /* TestModel.h */ = {isa = PBXFileReference; fileEncoding = 4; lastKnownFileType = sourcecode.c.h; path = TestModel.h; sourceTree = "<group>"; };
		3762FA261AABB7DD00103947 /* TestModel.m */ = {isa = PBXFileReference; fileEncoding = 4; lastKnownFileType = sourcecode.c.objc; path = TestModel.m; sourceTree = "<group>"; };
		3762FA281AABB80A00103947 /* TestUser.h */ = {isa = PBXFileReference; fileEncoding = 4; lastKnownFileType = sourcecode.c.h; path = TestUser.h; sourceTree = "<group>"; };
		3762FA291AABB80A00103947 /* TestUser.m */ = {isa = PBXFileReference; fileEncoding = 4; lastKnownFileType = sourcecode.c.objc; path = TestUser.m; sourceTree = "<group>"; };
		378177CB1A686C6500B7E87E /* RosettaStoneKit.framework */ = {isa = PBXFileReference; explicitFileType = wrapper.framework; includeInIndex = 0; path = RosettaStoneKit.framework; sourceTree = BUILT_PRODUCTS_DIR; };
		378177CF1A686C6500B7E87E /* Info.plist */ = {isa = PBXFileReference; lastKnownFileType = text.plist.xml; path = Info.plist; sourceTree = "<group>"; };
		378177D01A686C6500B7E87E /* RosettaStoneKit.h */ = {isa = PBXFileReference; lastKnownFileType = sourcecode.c.h; path = RosettaStoneKit.h; sourceTree = "<group>"; };
		378177D61A686C6500B7E87E /* RosettaStoneKitTests.xctest */ = {isa = PBXFileReference; explicitFileType = wrapper.cfbundle; includeInIndex = 0; path = RosettaStoneKitTests.xctest; sourceTree = BUILT_PRODUCTS_DIR; };
		378177DC1A686C6500B7E87E /* Info.plist */ = {isa = PBXFileReference; lastKnownFileType = text.plist.xml; path = Info.plist; sourceTree = "<group>"; };
		378177E71A686CA300B7E87E /* PropertyTranslator.h */ = {isa = PBXFileReference; fileEncoding = 4; lastKnownFileType = sourcecode.c.h; path = PropertyTranslator.h; sourceTree = "<group>"; };
		378177E81A686CA300B7E87E /* PropertyTranslator.m */ = {isa = PBXFileReference; fileEncoding = 4; lastKnownFileType = sourcecode.c.objc; path = PropertyTranslator.m; sourceTree = "<group>"; };
		378177E91A686CA300B7E87E /* NSDictionary+RosettaStoneExtensions.h */ = {isa = PBXFileReference; fileEncoding = 4; lastKnownFileType = sourcecode.c.h; path = "NSDictionary+RosettaStoneExtensions.h"; sourceTree = "<group>"; };
		378177F11A68A11800B7E87E /* RosettaStoneSpec.m */ = {isa = PBXFileReference; fileEncoding = 4; lastKnownFileType = sourcecode.c.objc; path = RosettaStoneSpec.m; sourceTree = "<group>"; };
		37C8E3FA1A7336C000A65E87 /* RosettaStoneKitOSX.framework */ = {isa = PBXFileReference; explicitFileType = wrapper.framework; includeInIndex = 0; path = RosettaStoneKitOSX.framework; sourceTree = BUILT_PRODUCTS_DIR; };
		37C8E3FD1A7336C000A65E87 /* Info.plist */ = {isa = PBXFileReference; lastKnownFileType = text.plist.xml; path = Info.plist; sourceTree = "<group>"; };
		37C8E3FE1A7336C000A65E87 /* RosettaStoneKitOSX.h */ = {isa = PBXFileReference; lastKnownFileType = sourcecode.c.h; path = RosettaStoneKitOSX.h; sourceTree = "<group>"; };
		37C8E4041A7336C000A65E87 /* RosettaStoneKitOSXTests.xctest */ = {isa = PBXFileReference; explicitFileType = wrapper.cfbundle; includeInIndex = 0; path = RosettaStoneKitOSXTests.xctest; sourceTree = BUILT_PRODUCTS_DIR; };
		37C8E40A1A7336C000A65E87 /* Info.plist */ = {isa = PBXFileReference; lastKnownFileType = text.plist.xml; path = Info.plist; sourceTree = "<group>"; };
		37C8E40B1A7336C000A65E87 /* RosettaStoneKitOSXTests.m */ = {isa = PBXFileReference; lastKnownFileType = sourcecode.c.objc; path = RosettaStoneKitOSXTests.m; sourceTree = "<group>"; };
		37C8E4141A73382000A65E87 /* RosettaStone.h */ = {isa = PBXFileReference; fileEncoding = 4; lastKnownFileType = sourcecode.c.h; path = RosettaStone.h; sourceTree = "<group>"; };
		37C8E4151A73382000A65E87 /* RosettaStone.m */ = {isa = PBXFileReference; fileEncoding = 4; lastKnownFileType = sourcecode.c.objc; path = RosettaStone.m; sourceTree = "<group>"; };
		9109C9C5817F7E42C6B9968C /* Pods-RosettaStoneKitOSXTests.release.xcconfig */ = {isa = PBXFileReference; includeInIndex = 1; lastKnownFileType = text.xcconfig; name = "Pods-RosettaStoneKitOSXTests.release.xcconfig"; path = "Pods/Target Support Files/Pods-RosettaStoneKitOSXTests/Pods-RosettaStoneKitOSXTests.release.xcconfig"; sourceTree = "<group>"; };
		ACC6D0C0D05E780F80FF387C /* Pods-RosettaStoneKitTests.release.xcconfig */ = {isa = PBXFileReference; includeInIndex = 1; lastKnownFileType = text.xcconfig; name = "Pods-RosettaStoneKitTests.release.xcconfig"; path = "Pods/Target Support Files/Pods-RosettaStoneKitTests/Pods-RosettaStoneKitTests.release.xcconfig"; sourceTree = "<group>"; };
		CE60AB60BCE7DEC858664EEC /* libPods-RosettaStoneKitTests.a */ = {isa = PBXFileReference; explicitFileType = archive.ar; includeInIndex = 0; path = "libPods-RosettaStoneKitTests.a"; sourceTree = BUILT_PRODUCTS_DIR; };
		E6F243BEA45C9B42B7929FE2 /* libPods-RosettaStoneKitOSXTests.a */ = {isa = PBXFileReference; explicitFileType = archive.ar; includeInIndex = 0; path = "libPods-RosettaStoneKitOSXTests.a"; sourceTree = BUILT_PRODUCTS_DIR; };
/* End PBXFileReference section */

/* Begin PBXFrameworksBuildPhase section */
		378177C71A686C6500B7E87E /* Frameworks */ = {
			isa = PBXFrameworksBuildPhase;
			buildActionMask = 2147483647;
			files = (
			);
			runOnlyForDeploymentPostprocessing = 0;
		};
		378177D31A686C6500B7E87E /* Frameworks */ = {
			isa = PBXFrameworksBuildPhase;
			buildActionMask = 2147483647;
			files = (
				378177D71A686C6500B7E87E /* RosettaStoneKit.framework in Frameworks */,
				D94BB3FB00DAC78AA5924017 /* libPods-RosettaStoneKitTests.a in Frameworks */,
			);
			runOnlyForDeploymentPostprocessing = 0;
		};
		37C8E3F61A7336C000A65E87 /* Frameworks */ = {
			isa = PBXFrameworksBuildPhase;
			buildActionMask = 2147483647;
			files = (
			);
			runOnlyForDeploymentPostprocessing = 0;
		};
		37C8E4011A7336C000A65E87 /* Frameworks */ = {
			isa = PBXFrameworksBuildPhase;
			buildActionMask = 2147483647;
			files = (
				37C8E4051A7336C000A65E87 /* RosettaStoneKitOSX.framework in Frameworks */,
				22D327882A755C4B2D98C83C /* libPods-RosettaStoneKitOSXTests.a in Frameworks */,
			);
			runOnlyForDeploymentPostprocessing = 0;
		};
/* End PBXFrameworksBuildPhase section */

/* Begin PBXGroup section */
		378177C11A686C6500B7E87E = {
			isa = PBXGroup;
			children = (
				37C8E4131A7336C900A65E87 /* Common */,
				378177CD1A686C6500B7E87E /* RosettaStoneKit */,
				378177DA1A686C6500B7E87E /* RosettaStoneKitTests */,
				37C8E3FB1A7336C000A65E87 /* RosettaStoneKitOSX */,
				37C8E4081A7336C000A65E87 /* RosettaStoneKitOSXTests */,
				378177CC1A686C6500B7E87E /* Products */,
				CD6AB622911DD0B7C96C106D /* Pods */,
				D19928E3A5FCCF17B3E845FF /* Frameworks */,
			);
			sourceTree = "<group>";
		};
		378177CC1A686C6500B7E87E /* Products */ = {
			isa = PBXGroup;
			children = (
				378177CB1A686C6500B7E87E /* RosettaStoneKit.framework */,
				378177D61A686C6500B7E87E /* RosettaStoneKitTests.xctest */,
				37C8E3FA1A7336C000A65E87 /* RosettaStoneKitOSX.framework */,
				37C8E4041A7336C000A65E87 /* RosettaStoneKitOSXTests.xctest */,
			);
			name = Products;
			sourceTree = "<group>";
		};
		378177CD1A686C6500B7E87E /* RosettaStoneKit */ = {
			isa = PBXGroup;
			children = (
				378177D01A686C6500B7E87E /* RosettaStoneKit.h */,
				378177CE1A686C6500B7E87E /* Supporting Files */,
			);
			path = RosettaStoneKit;
			sourceTree = "<group>";
		};
		378177CE1A686C6500B7E87E /* Supporting Files */ = {
			isa = PBXGroup;
			children = (
				378177CF1A686C6500B7E87E /* Info.plist */,
			);
			name = "Supporting Files";
			sourceTree = "<group>";
		};
		378177DA1A686C6500B7E87E /* RosettaStoneKitTests */ = {
			isa = PBXGroup;
			children = (
				378177DB1A686C6500B7E87E /* Supporting Files */,
				378177F11A68A11800B7E87E /* RosettaStoneSpec.m */,
				37297AC91A68D53A0082F082 /* NSDictionaryExtensionsSpec.m */,
				3762FA221AABB7AA00103947 /* Game.h */,
				3762FA231AABB7AA00103947 /* Game.m */,
				3762FA251AABB7DD00103947 /* TestModel.h */,
				3762FA261AABB7DD00103947 /* TestModel.m */,
				3762FA281AABB80A00103947 /* TestUser.h */,
				3762FA291AABB80A00103947 /* TestUser.m */,
			);
			path = RosettaStoneKitTests;
			sourceTree = "<group>";
		};
		378177DB1A686C6500B7E87E /* Supporting Files */ = {
			isa = PBXGroup;
			children = (
				378177DC1A686C6500B7E87E /* Info.plist */,
			);
			name = "Supporting Files";
			sourceTree = "<group>";
		};
		37C8E3FB1A7336C000A65E87 /* RosettaStoneKitOSX */ = {
			isa = PBXGroup;
			children = (
				37C8E3FE1A7336C000A65E87 /* RosettaStoneKitOSX.h */,
				37C8E3FC1A7336C000A65E87 /* Supporting Files */,
			);
			path = RosettaStoneKitOSX;
			sourceTree = "<group>";
		};
		37C8E3FC1A7336C000A65E87 /* Supporting Files */ = {
			isa = PBXGroup;
			children = (
				37C8E3FD1A7336C000A65E87 /* Info.plist */,
			);
			name = "Supporting Files";
			sourceTree = "<group>";
		};
		37C8E4081A7336C000A65E87 /* RosettaStoneKitOSXTests */ = {
			isa = PBXGroup;
			children = (
				37C8E40B1A7336C000A65E87 /* RosettaStoneKitOSXTests.m */,
				37C8E4091A7336C000A65E87 /* Supporting Files */,
			);
			path = RosettaStoneKitOSXTests;
			sourceTree = "<group>";
		};
		37C8E4091A7336C000A65E87 /* Supporting Files */ = {
			isa = PBXGroup;
			children = (
				37C8E40A1A7336C000A65E87 /* Info.plist */,
			);
			name = "Supporting Files";
			sourceTree = "<group>";
		};
		37C8E4131A7336C900A65E87 /* Common */ = {
			isa = PBXGroup;
			children = (
				37C8E4141A73382000A65E87 /* RosettaStone.h */,
				37C8E4151A73382000A65E87 /* RosettaStone.m */,
				378177E71A686CA300B7E87E /* PropertyTranslator.h */,
				378177E81A686CA300B7E87E /* PropertyTranslator.m */,
				378177E91A686CA300B7E87E /* NSDictionary+RosettaStoneExtensions.h */,
				37297AC71A68B16A0082F082 /* NSDictionary+RosettaStoneExtensions.m */,
			);
			path = Common;
			sourceTree = "<group>";
		};
		CD6AB622911DD0B7C96C106D /* Pods */ = {
			isa = PBXGroup;
			children = (
				217896356A380E151D44B517 /* Pods-RosettaStoneKitTests.debug.xcconfig */,
				ACC6D0C0D05E780F80FF387C /* Pods-RosettaStoneKitTests.release.xcconfig */,
				22DD8E390ED19595104FC4B1 /* Pods-RosettaStoneKitOSXTests.debug.xcconfig */,
				9109C9C5817F7E42C6B9968C /* Pods-RosettaStoneKitOSXTests.release.xcconfig */,
			);
			name = Pods;
			sourceTree = "<group>";
		};
		D19928E3A5FCCF17B3E845FF /* Frameworks */ = {
			isa = PBXGroup;
			children = (
				CE60AB60BCE7DEC858664EEC /* libPods-RosettaStoneKitTests.a */,
				E6F243BEA45C9B42B7929FE2 /* libPods-RosettaStoneKitOSXTests.a */,
			);
			name = Frameworks;
			sourceTree = "<group>";
		};
/* End PBXGroup section */

/* Begin PBXHeadersBuildPhase section */
		378177C81A686C6500B7E87E /* Headers */ = {
			isa = PBXHeadersBuildPhase;
			buildActionMask = 2147483647;
			files = (
				378177D11A686C6500B7E87E /* RosettaStoneKit.h in Headers */,
				378177EC1A686CA300B7E87E /* PropertyTranslator.h in Headers */,
				37C8E4161A73382000A65E87 /* RosettaStone.h in Headers */,
				378177EE1A686CA300B7E87E /* NSDictionary+RosettaStoneExtensions.h in Headers */,
			);
			runOnlyForDeploymentPostprocessing = 0;
		};
		37C8E3F71A7336C000A65E87 /* Headers */ = {
			isa = PBXHeadersBuildPhase;
			buildActionMask = 2147483647;
			files = (
				37C8E3FF1A7336C000A65E87 /* RosettaStoneKitOSX.h in Headers */,
				37C8E41B1A7338DB00A65E87 /* RosettaStone.h in Headers */,
				37C8E41C1A7338DB00A65E87 /* PropertyTranslator.h in Headers */,
				37C8E41D1A7338DB00A65E87 /* NSDictionary+RosettaStoneExtensions.h in Headers */,
			);
			runOnlyForDeploymentPostprocessing = 0;
		};
/* End PBXHeadersBuildPhase section */

/* Begin PBXNativeTarget section */
		378177CA1A686C6500B7E87E /* RosettaStoneKit */ = {
			isa = PBXNativeTarget;
			buildConfigurationList = 378177E11A686C6500B7E87E /* Build configuration list for PBXNativeTarget "RosettaStoneKit" */;
			buildPhases = (
				378177C61A686C6500B7E87E /* Sources */,
				378177C71A686C6500B7E87E /* Frameworks */,
				378177C81A686C6500B7E87E /* Headers */,
				378177C91A686C6500B7E87E /* Resources */,
			);
			buildRules = (
			);
			dependencies = (
			);
			name = RosettaStoneKit;
			productName = RosettaStoneKit;
			productReference = 378177CB1A686C6500B7E87E /* RosettaStoneKit.framework */;
			productType = "com.apple.product-type.framework";
		};
		378177D51A686C6500B7E87E /* RosettaStoneKitTests */ = {
			isa = PBXNativeTarget;
			buildConfigurationList = 378177E41A686C6500B7E87E /* Build configuration list for PBXNativeTarget "RosettaStoneKitTests" */;
			buildPhases = (
				B7000E251797C21CF719EE9F /* Check Pods Manifest.lock */,
				378177D21A686C6500B7E87E /* Sources */,
				378177D31A686C6500B7E87E /* Frameworks */,
				378177D41A686C6500B7E87E /* Resources */,
				D4EF8F59F264416BC57D03C2 /* Copy Pods Resources */,
				ACFEE29E3E9B7BB62F6CCC3C /* Embed Pods Frameworks */,
			);
			buildRules = (
			);
			dependencies = (
				378177D91A686C6500B7E87E /* PBXTargetDependency */,
			);
			name = RosettaStoneKitTests;
			productName = RosettaStoneKitTests;
			productReference = 378177D61A686C6500B7E87E /* RosettaStoneKitTests.xctest */;
			productType = "com.apple.product-type.bundle.unit-test";
		};
		37C8E3F91A7336C000A65E87 /* RosettaStoneKitOSX */ = {
			isa = PBXNativeTarget;
			buildConfigurationList = 37C8E40D1A7336C000A65E87 /* Build configuration list for PBXNativeTarget "RosettaStoneKitOSX" */;
			buildPhases = (
				37C8E3F51A7336C000A65E87 /* Sources */,
				37C8E3F61A7336C000A65E87 /* Frameworks */,
				37C8E3F71A7336C000A65E87 /* Headers */,
				37C8E3F81A7336C000A65E87 /* Resources */,
			);
			buildRules = (
			);
			dependencies = (
			);
			name = RosettaStoneKitOSX;
			productName = RosettaStoneKitOSX;
			productReference = 37C8E3FA1A7336C000A65E87 /* RosettaStoneKitOSX.framework */;
			productType = "com.apple.product-type.framework";
		};
		37C8E4031A7336C000A65E87 /* RosettaStoneKitOSXTests */ = {
			isa = PBXNativeTarget;
			buildConfigurationList = 37C8E4101A7336C000A65E87 /* Build configuration list for PBXNativeTarget "RosettaStoneKitOSXTests" */;
			buildPhases = (
				2880A997F347978FD58B7F68 /* Check Pods Manifest.lock */,
				37C8E4001A7336C000A65E87 /* Sources */,
				37C8E4011A7336C000A65E87 /* Frameworks */,
				37C8E4021A7336C000A65E87 /* Resources */,
				CD670ECB0A99D41436EBB19A /* Copy Pods Resources */,
				B686242F573E82EF12D76EFE /* Embed Pods Frameworks */,
			);
			buildRules = (
			);
			dependencies = (
				37C8E4071A7336C000A65E87 /* PBXTargetDependency */,
			);
			name = RosettaStoneKitOSXTests;
			productName = RosettaStoneKitOSXTests;
			productReference = 37C8E4041A7336C000A65E87 /* RosettaStoneKitOSXTests.xctest */;
			productType = "com.apple.product-type.bundle.unit-test";
		};
/* End PBXNativeTarget section */

/* Begin PBXProject section */
		378177C21A686C6500B7E87E /* Project object */ = {
			isa = PBXProject;
			attributes = {
				LastUpgradeCheck = 0700;
				ORGANIZATIONNAME = "";
				TargetAttributes = {
					378177CA1A686C6500B7E87E = {
						CreatedOnToolsVersion = 6.1.1;
					};
					378177D51A686C6500B7E87E = {
						CreatedOnToolsVersion = 6.1.1;
					};
					37C8E3F91A7336C000A65E87 = {
						CreatedOnToolsVersion = 6.1.1;
					};
					37C8E4031A7336C000A65E87 = {
						CreatedOnToolsVersion = 6.1.1;
					};
				};
			};
			buildConfigurationList = 378177C51A686C6500B7E87E /* Build configuration list for PBXProject "RosettaStoneKit" */;
			compatibilityVersion = "Xcode 3.2";
			developmentRegion = English;
			hasScannedForEncodings = 0;
			knownRegions = (
				en,
			);
			mainGroup = 378177C11A686C6500B7E87E;
			productRefGroup = 378177CC1A686C6500B7E87E /* Products */;
			projectDirPath = "";
			projectRoot = "";
			targets = (
				378177CA1A686C6500B7E87E /* RosettaStoneKit */,
				378177D51A686C6500B7E87E /* RosettaStoneKitTests */,
				37C8E3F91A7336C000A65E87 /* RosettaStoneKitOSX */,
				37C8E4031A7336C000A65E87 /* RosettaStoneKitOSXTests */,
			);
		};
/* End PBXProject section */

/* Begin PBXResourcesBuildPhase section */
		378177C91A686C6500B7E87E /* Resources */ = {
			isa = PBXResourcesBuildPhase;
			buildActionMask = 2147483647;
			files = (
			);
			runOnlyForDeploymentPostprocessing = 0;
		};
		378177D41A686C6500B7E87E /* Resources */ = {
			isa = PBXResourcesBuildPhase;
			buildActionMask = 2147483647;
			files = (
			);
			runOnlyForDeploymentPostprocessing = 0;
		};
		37C8E3F81A7336C000A65E87 /* Resources */ = {
			isa = PBXResourcesBuildPhase;
			buildActionMask = 2147483647;
			files = (
			);
			runOnlyForDeploymentPostprocessing = 0;
		};
		37C8E4021A7336C000A65E87 /* Resources */ = {
			isa = PBXResourcesBuildPhase;
			buildActionMask = 2147483647;
			files = (
			);
			runOnlyForDeploymentPostprocessing = 0;
		};
/* End PBXResourcesBuildPhase section */

/* Begin PBXShellScriptBuildPhase section */
		2880A997F347978FD58B7F68 /* Check Pods Manifest.lock */ = {
			isa = PBXShellScriptBuildPhase;
			buildActionMask = 2147483647;
			files = (
			);
			inputPaths = (
			);
			name = "Check Pods Manifest.lock";
			outputPaths = (
			);
			runOnlyForDeploymentPostprocessing = 0;
			shellPath = /bin/sh;
			shellScript = "diff \"${PODS_ROOT}/../Podfile.lock\" \"${PODS_ROOT}/Manifest.lock\" > /dev/null\nif [[ $? != 0 ]] ; then\n    cat << EOM\nerror: The sandbox is not in sync with the Podfile.lock. Run 'pod install' or update your CocoaPods installation.\nEOM\n    exit 1\nfi\n";
			showEnvVarsInLog = 0;
		};
		ACFEE29E3E9B7BB62F6CCC3C /* Embed Pods Frameworks */ = {
			isa = PBXShellScriptBuildPhase;
			buildActionMask = 2147483647;
			files = (
			);
			inputPaths = (
			);
			name = "Embed Pods Frameworks";
			outputPaths = (
			);
			runOnlyForDeploymentPostprocessing = 0;
			shellPath = /bin/sh;
			shellScript = "\"${SRCROOT}/Pods/Target Support Files/Pods-RosettaStoneKitTests/Pods-RosettaStoneKitTests-frameworks.sh\"\n";
			showEnvVarsInLog = 0;
		};
		B686242F573E82EF12D76EFE /* Embed Pods Frameworks */ = {
			isa = PBXShellScriptBuildPhase;
			buildActionMask = 2147483647;
			files = (
			);
			inputPaths = (
			);
			name = "Embed Pods Frameworks";
			outputPaths = (
			);
			runOnlyForDeploymentPostprocessing = 0;
			shellPath = /bin/sh;
			shellScript = "\"${SRCROOT}/Pods/Target Support Files/Pods-RosettaStoneKitOSXTests/Pods-RosettaStoneKitOSXTests-frameworks.sh\"\n";
			showEnvVarsInLog = 0;
		};
		B7000E251797C21CF719EE9F /* Check Pods Manifest.lock */ = {
			isa = PBXShellScriptBuildPhase;
			buildActionMask = 2147483647;
			files = (
			);
			inputPaths = (
			);
			name = "Check Pods Manifest.lock";
			outputPaths = (
			);
			runOnlyForDeploymentPostprocessing = 0;
			shellPath = /bin/sh;
			shellScript = "diff \"${PODS_ROOT}/../Podfile.lock\" \"${PODS_ROOT}/Manifest.lock\" > /dev/null\nif [[ $? != 0 ]] ; then\n    cat << EOM\nerror: The sandbox is not in sync with the Podfile.lock. Run 'pod install' or update your CocoaPods installation.\nEOM\n    exit 1\nfi\n";
			showEnvVarsInLog = 0;
		};
		CD670ECB0A99D41436EBB19A /* Copy Pods Resources */ = {
			isa = PBXShellScriptBuildPhase;
			buildActionMask = 2147483647;
			files = (
			);
			inputPaths = (
			);
			name = "Copy Pods Resources";
			outputPaths = (
			);
			runOnlyForDeploymentPostprocessing = 0;
			shellPath = /bin/sh;
			shellScript = "\"${SRCROOT}/Pods/Target Support Files/Pods-RosettaStoneKitOSXTests/Pods-RosettaStoneKitOSXTests-resources.sh\"\n";
			showEnvVarsInLog = 0;
		};
		D4EF8F59F264416BC57D03C2 /* Copy Pods Resources */ = {
			isa = PBXShellScriptBuildPhase;
			buildActionMask = 2147483647;
			files = (
			);
			inputPaths = (
			);
			name = "Copy Pods Resources";
			outputPaths = (
			);
			runOnlyForDeploymentPostprocessing = 0;
			shellPath = /bin/sh;
			shellScript = "\"${SRCROOT}/Pods/Target Support Files/Pods-RosettaStoneKitTests/Pods-RosettaStoneKitTests-resources.sh\"\n";
			showEnvVarsInLog = 0;
		};
/* End PBXShellScriptBuildPhase section */

/* Begin PBXSourcesBuildPhase section */
		378177C61A686C6500B7E87E /* Sources */ = {
			isa = PBXSourcesBuildPhase;
			buildActionMask = 2147483647;
			files = (
				378177ED1A686CA300B7E87E /* PropertyTranslator.m in Sources */,
				37297AC81A68B16A0082F082 /* NSDictionary+RosettaStoneExtensions.m in Sources */,
				37C8E4171A73382000A65E87 /* RosettaStone.m in Sources */,
			);
			runOnlyForDeploymentPostprocessing = 0;
		};
		378177D21A686C6500B7E87E /* Sources */ = {
			isa = PBXSourcesBuildPhase;
			buildActionMask = 2147483647;
			files = (
				3762FA241AABB7AA00103947 /* Game.m in Sources */,
				378177F21A68A11800B7E87E /* RosettaStoneSpec.m in Sources */,
				3762FA2A1AABB80A00103947 /* TestUser.m in Sources */,
				37297ACA1A68D53A0082F082 /* NSDictionaryExtensionsSpec.m in Sources */,
				3762FA271AABB7DD00103947 /* TestModel.m in Sources */,
			);
			runOnlyForDeploymentPostprocessing = 0;
		};
		37C8E3F51A7336C000A65E87 /* Sources */ = {
			isa = PBXSourcesBuildPhase;
			buildActionMask = 2147483647;
			files = (
				37C8E4181A7338B300A65E87 /* RosettaStone.m in Sources */,
				37C8E4191A7338B300A65E87 /* PropertyTranslator.m in Sources */,
				37C8E41A1A7338B300A65E87 /* NSDictionary+RosettaStoneExtensions.m in Sources */,
			);
			runOnlyForDeploymentPostprocessing = 0;
		};
		37C8E4001A7336C000A65E87 /* Sources */ = {
			isa = PBXSourcesBuildPhase;
			buildActionMask = 2147483647;
			files = (
				37C8E40C1A7336C000A65E87 /* RosettaStoneKitOSXTests.m in Sources */,
			);
			runOnlyForDeploymentPostprocessing = 0;
		};
/* End PBXSourcesBuildPhase section */

/* Begin PBXTargetDependency section */
		378177D91A686C6500B7E87E /* PBXTargetDependency */ = {
			isa = PBXTargetDependency;
			target = 378177CA1A686C6500B7E87E /* RosettaStoneKit */;
			targetProxy = 378177D81A686C6500B7E87E /* PBXContainerItemProxy */;
		};
		37C8E4071A7336C000A65E87 /* PBXTargetDependency */ = {
			isa = PBXTargetDependency;
			target = 37C8E3F91A7336C000A65E87 /* RosettaStoneKitOSX */;
			targetProxy = 37C8E4061A7336C000A65E87 /* PBXContainerItemProxy */;
		};
/* End PBXTargetDependency section */

/* Begin XCBuildConfiguration section */
		378177DF1A686C6500B7E87E /* Debug */ = {
			isa = XCBuildConfiguration;
			buildSettings = {
				ALWAYS_SEARCH_USER_PATHS = NO;
				CLANG_CXX_LANGUAGE_STANDARD = "gnu++0x";
				CLANG_CXX_LIBRARY = "libc++";
				CLANG_ENABLE_CODE_COVERAGE = YES;
				CLANG_ENABLE_MODULES = YES;
				CLANG_ENABLE_OBJC_ARC = YES;
				CLANG_WARN_BOOL_CONVERSION = YES;
				CLANG_WARN_CONSTANT_CONVERSION = YES;
				CLANG_WARN_DIRECT_OBJC_ISA_USAGE = YES_ERROR;
				CLANG_WARN_EMPTY_BODY = YES;
				CLANG_WARN_ENUM_CONVERSION = YES;
				CLANG_WARN_INT_CONVERSION = YES;
				CLANG_WARN_OBJC_ROOT_CLASS = YES_ERROR;
				CLANG_WARN_UNREACHABLE_CODE = YES;
				CLANG_WARN__DUPLICATE_METHOD_MATCH = YES;
				"CODE_SIGN_IDENTITY[sdk=iphoneos*]" = "iPhone Developer";
				COPY_PHASE_STRIP = NO;
				CURRENT_PROJECT_VERSION = 1;
				ENABLE_STRICT_OBJC_MSGSEND = YES;
				ENABLE_TESTABILITY = YES;
				GCC_C_LANGUAGE_STANDARD = gnu99;
				GCC_DYNAMIC_NO_PIC = NO;
				GCC_GENERATE_TEST_COVERAGE_FILES = YES;
				GCC_INSTRUMENT_PROGRAM_FLOW_ARCS = YES;
				GCC_OPTIMIZATION_LEVEL = 0;
				GCC_PREPROCESSOR_DEFINITIONS = (
					"DEBUG=1",
					"$(inherited)",
				);
				GCC_SYMBOLS_PRIVATE_EXTERN = NO;
				GCC_WARN_64_TO_32_BIT_CONVERSION = YES;
				GCC_WARN_ABOUT_RETURN_TYPE = YES_ERROR;
				GCC_WARN_UNDECLARED_SELECTOR = YES;
				GCC_WARN_UNINITIALIZED_AUTOS = YES_AGGRESSIVE;
				GCC_WARN_UNUSED_FUNCTION = YES;
				GCC_WARN_UNUSED_VARIABLE = YES;
				IPHONEOS_DEPLOYMENT_TARGET = 8.1;
				MTL_ENABLE_DEBUG_INFO = YES;
				ONLY_ACTIVE_ARCH = YES;
				SDKROOT = iphoneos;
				TARGETED_DEVICE_FAMILY = "1,2";
				VERSIONING_SYSTEM = "apple-generic";
				VERSION_INFO_PREFIX = "";
			};
			name = Debug;
		};
		378177E01A686C6500B7E87E /* Release */ = {
			isa = XCBuildConfiguration;
			buildSettings = {
				ALWAYS_SEARCH_USER_PATHS = NO;
				CLANG_CXX_LANGUAGE_STANDARD = "gnu++0x";
				CLANG_CXX_LIBRARY = "libc++";
				CLANG_ENABLE_CODE_COVERAGE = NO;
				CLANG_ENABLE_MODULES = YES;
				CLANG_ENABLE_OBJC_ARC = YES;
				CLANG_WARN_BOOL_CONVERSION = YES;
				CLANG_WARN_CONSTANT_CONVERSION = YES;
				CLANG_WARN_DIRECT_OBJC_ISA_USAGE = YES_ERROR;
				CLANG_WARN_EMPTY_BODY = YES;
				CLANG_WARN_ENUM_CONVERSION = YES;
				CLANG_WARN_INT_CONVERSION = YES;
				CLANG_WARN_OBJC_ROOT_CLASS = YES_ERROR;
				CLANG_WARN_UNREACHABLE_CODE = YES;
				CLANG_WARN__DUPLICATE_METHOD_MATCH = YES;
				"CODE_SIGN_IDENTITY[sdk=iphoneos*]" = "iPhone Developer";
				COPY_PHASE_STRIP = YES;
				CURRENT_PROJECT_VERSION = 1;
				ENABLE_NS_ASSERTIONS = NO;
				ENABLE_STRICT_OBJC_MSGSEND = YES;
				GCC_C_LANGUAGE_STANDARD = gnu99;
				GCC_WARN_64_TO_32_BIT_CONVERSION = YES;
				GCC_WARN_ABOUT_RETURN_TYPE = YES_ERROR;
				GCC_WARN_UNDECLARED_SELECTOR = YES;
				GCC_WARN_UNINITIALIZED_AUTOS = YES_AGGRESSIVE;
				GCC_WARN_UNUSED_FUNCTION = YES;
				GCC_WARN_UNUSED_VARIABLE = YES;
				IPHONEOS_DEPLOYMENT_TARGET = 8.1;
				MTL_ENABLE_DEBUG_INFO = NO;
				SDKROOT = iphoneos;
				TARGETED_DEVICE_FAMILY = "1,2";
				VALIDATE_PRODUCT = YES;
				VERSIONING_SYSTEM = "apple-generic";
				VERSION_INFO_PREFIX = "";
			};
			name = Release;
		};
		378177E21A686C6500B7E87E /* Debug */ = {
			isa = XCBuildConfiguration;
			buildSettings = {
				APPLICATION_EXTENSION_API_ONLY = YES;
				CODE_SIGN_IDENTITY = "iPhone Developer";
				DEFINES_MODULE = YES;
				DYLIB_COMPATIBILITY_VERSION = 1;
				DYLIB_CURRENT_VERSION = 1;
				DYLIB_INSTALL_NAME_BASE = "@rpath";
				INFOPLIST_FILE = RosettaStoneKit/Info.plist;
				INSTALL_PATH = "$(LOCAL_LIBRARY_DIR)/Frameworks";
				IPHONEOS_DEPLOYMENT_TARGET = 8.1;
				LD_RUNPATH_SEARCH_PATHS = "$(inherited) @executable_path/Frameworks @loader_path/Frameworks";
				PRODUCT_BUNDLE_IDENTIFIER = "com.cstephan.$(PRODUCT_NAME:rfc1034identifier)";
				PRODUCT_NAME = "$(TARGET_NAME)";
				SKIP_INSTALL = YES;
			};
			name = Debug;
		};
		378177E31A686C6500B7E87E /* Release */ = {
			isa = XCBuildConfiguration;
			buildSettings = {
				APPLICATION_EXTENSION_API_ONLY = YES;
				CODE_SIGN_IDENTITY = "iPhone Developer";
				DEFINES_MODULE = YES;
				DYLIB_COMPATIBILITY_VERSION = 1;
				DYLIB_CURRENT_VERSION = 1;
				DYLIB_INSTALL_NAME_BASE = "@rpath";
				INFOPLIST_FILE = RosettaStoneKit/Info.plist;
				INSTALL_PATH = "$(LOCAL_LIBRARY_DIR)/Frameworks";
				IPHONEOS_DEPLOYMENT_TARGET = 8.1;
				LD_RUNPATH_SEARCH_PATHS = "$(inherited) @executable_path/Frameworks @loader_path/Frameworks";
				PRODUCT_BUNDLE_IDENTIFIER = "com.cstephan.$(PRODUCT_NAME:rfc1034identifier)";
				PRODUCT_NAME = "$(TARGET_NAME)";
				SKIP_INSTALL = YES;
			};
			name = Release;
		};
		378177E51A686C6500B7E87E /* Debug */ = {
			isa = XCBuildConfiguration;
			baseConfigurationReference = 217896356A380E151D44B517 /* Pods-RosettaStoneKitTests.debug.xcconfig */;
			buildSettings = {
				FRAMEWORK_SEARCH_PATHS = "$(inherited)";
				GCC_PREPROCESSOR_DEFINITIONS = (
					"DEBUG=1",
					"$(inherited)",
				);
				INFOPLIST_FILE = RosettaStoneKitTests/Info.plist;
				LD_RUNPATH_SEARCH_PATHS = "$(inherited) @executable_path/Frameworks @loader_path/Frameworks";
				PRODUCT_BUNDLE_IDENTIFIER = "com.cstephan.$(PRODUCT_NAME:rfc1034identifier)";
				PRODUCT_NAME = "$(TARGET_NAME)";
			};
			name = Debug;
		};
		378177E61A686C6500B7E87E /* Release */ = {
			isa = XCBuildConfiguration;
			baseConfigurationReference = ACC6D0C0D05E780F80FF387C /* Pods-RosettaStoneKitTests.release.xcconfig */;
			buildSettings = {
				FRAMEWORK_SEARCH_PATHS = "$(inherited)";
				INFOPLIST_FILE = RosettaStoneKitTests/Info.plist;
				LD_RUNPATH_SEARCH_PATHS = "$(inherited) @executable_path/Frameworks @loader_path/Frameworks";
				PRODUCT_BUNDLE_IDENTIFIER = "com.cstephan.$(PRODUCT_NAME:rfc1034identifier)";
				PRODUCT_NAME = "$(TARGET_NAME)";
			};
			name = Release;
		};
		37C8E40E1A7336C000A65E87 /* Debug */ = {
			isa = XCBuildConfiguration;
			buildSettings = {
				COMBINE_HIDPI_IMAGES = YES;
				DEFINES_MODULE = YES;
				DYLIB_COMPATIBILITY_VERSION = 1;
				DYLIB_CURRENT_VERSION = 1;
				DYLIB_INSTALL_NAME_BASE = "@rpath";
				FRAMEWORK_VERSION = A;
				GCC_PREPROCESSOR_DEFINITIONS = (
					"DEBUG=1",
					"$(inherited)",
				);
				INFOPLIST_FILE = RosettaStoneKitOSX/Info.plist;
				INSTALL_PATH = "$(LOCAL_LIBRARY_DIR)/Frameworks";
				LD_RUNPATH_SEARCH_PATHS = "$(inherited) @executable_path/../Frameworks @loader_path/Frameworks";
				MACOSX_DEPLOYMENT_TARGET = 10.10;
				PRODUCT_BUNDLE_IDENTIFIER = "com.cstephan.$(PRODUCT_NAME:rfc1034identifier)";
				PRODUCT_NAME = "$(TARGET_NAME)";
				SDKROOT = macosx;
				SKIP_INSTALL = YES;
			};
			name = Debug;
		};
		37C8E40F1A7336C000A65E87 /* Release */ = {
			isa = XCBuildConfiguration;
			buildSettings = {
				COMBINE_HIDPI_IMAGES = YES;
				DEBUG_INFORMATION_FORMAT = "dwarf-with-dsym";
				DEFINES_MODULE = YES;
				DYLIB_COMPATIBILITY_VERSION = 1;
				DYLIB_CURRENT_VERSION = 1;
				DYLIB_INSTALL_NAME_BASE = "@rpath";
				FRAMEWORK_VERSION = A;
				INFOPLIST_FILE = RosettaStoneKitOSX/Info.plist;
				INSTALL_PATH = "$(LOCAL_LIBRARY_DIR)/Frameworks";
				LD_RUNPATH_SEARCH_PATHS = "$(inherited) @executable_path/../Frameworks @loader_path/Frameworks";
				MACOSX_DEPLOYMENT_TARGET = 10.10;
				PRODUCT_BUNDLE_IDENTIFIER = "com.cstephan.$(PRODUCT_NAME:rfc1034identifier)";
				PRODUCT_NAME = "$(TARGET_NAME)";
				SDKROOT = macosx;
				SKIP_INSTALL = YES;
			};
			name = Release;
		};
		37C8E4111A7336C000A65E87 /* Debug */ = {
			isa = XCBuildConfiguration;
			baseConfigurationReference = 22DD8E390ED19595104FC4B1 /* Pods-RosettaStoneKitOSXTests.debug.xcconfig */;
			buildSettings = {
				COMBINE_HIDPI_IMAGES = YES;
				FRAMEWORK_SEARCH_PATHS = (
					"$(DEVELOPER_FRAMEWORKS_DIR)",
					"$(inherited)",
				);
				GCC_PREPROCESSOR_DEFINITIONS = (
					"DEBUG=1",
					"$(inherited)",
				);
				INFOPLIST_FILE = RosettaStoneKitOSXTests/Info.plist;
				LD_RUNPATH_SEARCH_PATHS = "$(inherited) @executable_path/../Frameworks @loader_path/../Frameworks";
				MACOSX_DEPLOYMENT_TARGET = 10.10;
				PRODUCT_BUNDLE_IDENTIFIER = "com.cstephan.$(PRODUCT_NAME:rfc1034identifier)";
				PRODUCT_NAME = "$(TARGET_NAME)";
				SDKROOT = macosx;
			};
			name = Debug;
		};
		37C8E4121A7336C000A65E87 /* Release */ = {
			isa = XCBuildConfiguration;
			baseConfigurationReference = 9109C9C5817F7E42C6B9968C /* Pods-RosettaStoneKitOSXTests.release.xcconfig */;
			buildSettings = {
				COMBINE_HIDPI_IMAGES = YES;
				DEBUG_INFORMATION_FORMAT = "dwarf-with-dsym";
				FRAMEWORK_SEARCH_PATHS = (
					"$(DEVELOPER_FRAMEWORKS_DIR)",
					"$(inherited)",
				);
				INFOPLIST_FILE = RosettaStoneKitOSXTests/Info.plist;
				LD_RUNPATH_SEARCH_PATHS = "$(inherited) @executable_path/../Frameworks @loader_path/../Frameworks";
				MACOSX_DEPLOYMENT_TARGET = 10.10;
				PRODUCT_BUNDLE_IDENTIFIER = "com.cstephan.$(PRODUCT_NAME:rfc1034identifier)";
				PRODUCT_NAME = "$(TARGET_NAME)";
				SDKROOT = macosx;
			};
			name = Release;
		};
/* End XCBuildConfiguration section */

/* Begin XCConfigurationList section */
		378177C51A686C6500B7E87E /* Build configuration list for PBXProject "RosettaStoneKit" */ = {
			isa = XCConfigurationList;
			buildConfigurations = (
				378177DF1A686C6500B7E87E /* Debug */,
				378177E01A686C6500B7E87E /* Release */,
			);
			defaultConfigurationIsVisible = 0;
			defaultConfigurationName = Release;
		};
		378177E11A686C6500B7E87E /* Build configuration list for PBXNativeTarget "RosettaStoneKit" */ = {
			isa = XCConfigurationList;
			buildConfigurations = (
				378177E21A686C6500B7E87E /* Debug */,
				378177E31A686C6500B7E87E /* Release */,
			);
			defaultConfigurationIsVisible = 0;
			defaultConfigurationName = Release;
		};
		378177E41A686C6500B7E87E /* Build configuration list for PBXNativeTarget "RosettaStoneKitTests" */ = {
			isa = XCConfigurationList;
			buildConfigurations = (
				378177E51A686C6500B7E87E /* Debug */,
				378177E61A686C6500B7E87E /* Release */,
			);
			defaultConfigurationIsVisible = 0;
			defaultConfigurationName = Release;
		};
		37C8E40D1A7336C000A65E87 /* Build configuration list for PBXNativeTarget "RosettaStoneKitOSX" */ = {
			isa = XCConfigurationList;
			buildConfigurations = (
				37C8E40E1A7336C000A65E87 /* Debug */,
				37C8E40F1A7336C000A65E87 /* Release */,
			);
			defaultConfigurationIsVisible = 0;
			defaultConfigurationName = Release;
		};
		37C8E4101A7336C000A65E87 /* Build configuration list for PBXNativeTarget "RosettaStoneKitOSXTests" */ = {
			isa = XCConfigurationList;
			buildConfigurations = (
				37C8E4111A7336C000A65E87 /* Debug */,
				37C8E4121A7336C000A65E87 /* Release */,
			);
			defaultConfigurationIsVisible = 0;
			defaultConfigurationName = Release;
		};
/* End XCConfigurationList section */
	};
	rootObject = 378177C21A686C6500B7E87E /* Project object */;
}
